
Microsoft Visual Studio Solution File, Format Version 12.00
# Visual Studio Version 16
VisualStudioVersion = 16.0.29411.108
MinimumVisualStudioVersion = 10.0.40219.1
Project("{8BC9CEB8-8B4A-11D0-8D11-00A0C91BC942}") = "lab2Cpp", "lab2Cpp\lab2Cpp.vcxproj", "{26139308-96E0-4703-A7F1-24D93BD9C3E4}"
EndProject
Project("{8BC9CEB8-8B4A-11D0-8D11-00A0C91BC942}") = "Tests", "Tests\Tests.vcxproj", "{709A8C8B-E783-498A-8B8C-6C9120BE2B0D}"
EndProject
Global
	GlobalSection(SolutionConfigurationPlatforms) = preSolution
		Debug|x64 = Debug|x64
		Debug|x86 = Debug|x86
		Release|x64 = Release|x64
		Release|x86 = Release|x86
	EndGlobalSection
	GlobalSection(ProjectConfigurationPlatforms) = postSolution
		{26139308-96E0-4703-A7F1-24D93BD9C3E4}.Debug|x64.ActiveCfg = Debug|x64
		{26139308-96E0-4703-A7F1-24D93BD9C3E4}.Debug|x64.Build.0 = Debug|x64
		{26139308-96E0-4703-A7F1-24D93BD9C3E4}.Debug|x86.ActiveCfg = Debug|Win32
		{26139308-96E0-4703-A7F1-24D93BD9C3E4}.Debug|x86.Build.0 = Debug|Win32
		{26139308-96E0-4703-A7F1-24D93BD9C3E4}.Release|x64.ActiveCfg = Release|x64
		{26139308-96E0-4703-A7F1-24D93BD9C3E4}.Release|x64.Build.0 = Release|x64
		{26139308-96E0-4703-A7F1-24D93BD9C3E4}.Release|x86.ActiveCfg = Release|Win32
		{26139308-96E0-4703-A7F1-24D93BD9C3E4}.Release|x86.Build.0 = Release|Win32
		{709A8C8B-E783-498A-8B8C-6C9120BE2B0D}.Debug|x64.ActiveCfg = Debug|x64
		{709A8C8B-E783-498A-8B8C-6C9120BE2B0D}.Debug|x64.Build.0 = Debug|x64
		{709A8C8B-E783-498A-8B8C-6C9120BE2B0D}.Debug|x86.ActiveCfg = Debug|Win32
		{709A8C8B-E783-498A-8B8C-6C9120BE2B0D}.Debug|x86.Build.0 = Debug|Win32
		{709A8C8B-E783-498A-8B8C-6C9120BE2B0D}.Release|x64.ActiveCfg = Release|x64
		{709A8C8B-E783-498A-8B8C-6C9120BE2B0D}.Release|x64.Build.0 = Release|x64
		{709A8C8B-E783-498A-8B8C-6C9120BE2B0D}.Release|x86.ActiveCfg = Release|Win32
		{709A8C8B-E783-498A-8B8C-6C9120BE2B0D}.Release|x86.Build.0 = Release|Win32
	EndGlobalSection
	GlobalSection(SolutionProperties) = preSolution
		HideSolutionNode = FALSE
	EndGlobalSection
	GlobalSection(ExtensibilityGlobals) = postSolution
		SolutionGuid = {652DAAAA-A5BE-4D3E-A986-A583F9AA4FAB}
	EndGlobalSection
EndGlobal
